<?xml version="1.0" encoding="utf-8"?>
<Project ToolsVersion="4.0" xmlns="http://schemas.microsoft.com/developer/msbuild/2003">
  <ItemGroup>
    <Filter Include="Source Files">
      <UniqueIdentifier>{4FC737F1-C7A5-4376-A066-2A32D752A2FF}</UniqueIdentifier>
      <Extensions>cpp;c;cc;cxx;def;odl;idl;hpj;bat;asm;asmx</Extensions>
    </Filter>
    <Filter Include="Header Files">
      <UniqueIdentifier>{93995380-89BD-4b04-88EB-625FBE52EBFB}</UniqueIdentifier>
      <Extensions>h;hh;hpp;hxx;hm;inl;inc;xsd</Extensions>
    </Filter>
    <Filter Include="Resource Files">
      <UniqueIdentifier>{67DA6AB6-F800-4c08-8B7A-83BB121AAD01}</UniqueIdentifier>
      <Extensions>rc;ico;cur;bmp;dlg;rc2;rct;bin;rgs;gif;jpg;jpeg;jpe;resx;tiff;tif;png;wav;mfcribbon-ms</Extensions>
    </Filter>
    <Filter Include="Header Files\SDK">
      <UniqueIdentifier>{532bd2d3-56d4-4b80-9705-133b9cef34df}</UniqueIdentifier>
    </Filter>
    <Filter Include="Header Files\imgui">
      <UniqueIdentifier>{be04c48c-66c1-4221-ac11-38f6bab82130}</UniqueIdentifier>
    </Filter>
    <Filter Include="Header Files\features">
      <UniqueIdentifier>{2bc982e4-598c-49fb-ad20-458d3b3bc2a8}</UniqueIdentifier>
    </Filter>
    <Filter Include="Source Files\SDK">
      <UniqueIdentifier>{edb96b28-881c-4810-bf58-6ef7ed18cd5d}</UniqueIdentifier>
    </Filter>
    <Filter Include="Source Files\imgui">
      <UniqueIdentifier>{162aa2f8-15b9-4b39-a283-b120ebdf8013}</UniqueIdentifier>
    </Filter>
    <Filter Include="Source Files\features">
      <UniqueIdentifier>{69bb20b4-f120-4f70-8694-cf3aaa9c085c}</UniqueIdentifier>
    </Filter>
    <Filter Include="Font">
      <UniqueIdentifier>{d75481cc-0f76-42d0-b778-a5c1429168c2}</UniqueIdentifier>
    </Filter>
    <Filter Include="Source Files\menu">
      <UniqueIdentifier>{afd7024b-b833-4c64-81e1-6fde6d875763}</UniqueIdentifier>
    </Filter>
    <Filter Include="Header Files\helpers">
      <UniqueIdentifier>{997d789f-6baa-4219-970d-12ff3904b14b}</UniqueIdentifier>
    </Filter>
    <Filter Include="Source Files\helpers">
      <UniqueIdentifier>{678fa1f7-2e90-43f4-813b-945b6136799a}</UniqueIdentifier>
    </Filter>
    <Filter Include="Header Files\menu">
      <UniqueIdentifier>{fefee228-b98f-4e2a-b2e7-4e3aa5c45e07}</UniqueIdentifier>
    </Filter>
    <Filter Include="Header Files\imgui\freetype">
      <UniqueIdentifier>{0710b7f2-ceb4-4e5f-b90d-3e02fdb592b2}</UniqueIdentifier>
    </Filter>
    <Filter Include="Header Files\imgui\freetype\freetype">
      <UniqueIdentifier>{d7b72522-9623-4bb8-a046-48a19d1fd84c}</UniqueIdentifier>
    </Filter>
    <Filter Include="Header Files\imgui\freetype\freetype\internal">
      <UniqueIdentifier>{d1d39600-5223-47e7-a2a3-fb6d8cc76973}</UniqueIdentifier>
    </Filter>
    <Filter Include="Header Files\imgui\freetype\freetype\config">
      <UniqueIdentifier>{c47d55bc-6a5a-47c3-a076-f3a7bad1dff1}</UniqueIdentifier>
    </Filter>
    <Filter Include="Header Files\imgui\freetype\freetype\internal\services">
      <UniqueIdentifier>{062090a9-d639-49e2-a289-e909980ba47c}</UniqueIdentifier>
    </Filter>
    <Filter Include="Header Files\bass">
      <UniqueIdentifier>{277a2284-04be-4299-a4a8-389ae2f54877}</UniqueIdentifier>
    </Filter>
    <Filter Include="Source Files\bass">
      <UniqueIdentifier>{aa5ac098-56b7-41e9-942f-ec0d4afb62e0}</UniqueIdentifier>
    </Filter>
  </ItemGroup>
  <ItemGroup>
    <ClCompile Include="Helpers\math.cpp">
      <Filter>Source Files</Filter>
    </ClCompile>
    <ClCompile Include="Helpers\utils.cpp">
      <Filter>Source Files</Filter>
    </ClCompile>
    <ClCompile Include="main.cpp">
      <Filter>Source Files</Filter>
    </ClCompile>
    <ClCompile Include="hooks.cpp">
      <Filter>Source Files</Filter>
    </ClCompile>
    <ClCompile Include="valve_sdk\misc\characterset.cpp">
      <Filter>Source Files\SDK</Filter>
    </ClCompile>
    <ClCompile Include="valve_sdk\misc\checksum_crc.cpp">
      <Filter>Source Files\SDK</Filter>
    </ClCompile>
    <ClCompile Include="valve_sdk\misc\checksum_md5.cpp">
      <Filter>Source Files\SDK</Filter>
    </ClCompile>
    <ClCompile Include="valve_sdk\csgostructs.cpp">
      <Filter>Source Files\SDK</Filter>
    </ClCompile>
    <ClCompile Include="valve_sdk\sdk.cpp">
      <Filter>Source Files\SDK</Filter>
    </ClCompile>
    <ClCompile Include="valve_sdk\misc\UtlBuffer.cpp">
      <Filter>Source Files\SDK</Filter>
    </ClCompile>
    <ClCompile Include="valve_sdk\misc\UtlString.cpp">
      <Filter>Source Files\SDK</Filter>
    </ClCompile>
    <ClCompile Include="valve_sdk\math\Vector2D.cpp">
      <Filter>Source Files\SDK</Filter>
    </ClCompile>
    <ClCompile Include="valve_sdk\math\Vector4D.cpp">
      <Filter>Source Files\SDK</Filter>
    </ClCompile>
    <ClCompile Include="helpers\vfunc_hook.cpp">
      <Filter>Source Files\SDK</Filter>
    </ClCompile>
    <ClCompile Include="valve_sdk\math\VMatrix.cpp">
      <Filter>Source Files\SDK</Filter>
    </ClCompile>
    <ClCompile Include="features\bhop.cpp">
      <Filter>Source Files\features</Filter>
    </ClCompile>
    <ClCompile Include="features\glow.cpp">
      <Filter>Source Files\features</Filter>
    </ClCompile>
    <ClCompile Include="valve_sdk\misc\Convar.cpp">
      <Filter>Source Files\SDK</Filter>
    </ClCompile>
    <ClCompile Include="valve_sdk\misc\Color.cpp">
      <Filter>Source Files\SDK</Filter>
    </ClCompile>
    <ClCompile Include="valve_sdk\netvars.cpp">
      <Filter>Source Files\SDK</Filter>
    </ClCompile>
    <ClCompile Include="helpers\input.cpp">
      <Filter>Source Files\SDK</Filter>
    </ClCompile>
    <ClCompile Include="render.cpp">
      <Filter>Source Files</Filter>
    </ClCompile>
    <ClCompile Include="ui.cpp">
      <Filter>Source Files</Filter>
    </ClCompile>
    <ClCompile Include="menu_helpers.cpp">
      <Filter>Source Files\menu</Filter>
    </ClCompile>
    <ClCompile Include="Menu.cpp">
      <Filter>Source Files\menu</Filter>
    </ClCompile>
    <ClCompile Include="features\MaterialManager.cpp">
      <Filter>Source Files\features</Filter>
    </ClCompile>
    <ClCompile Include="features\visuals.cpp">
      <Filter>Source Files\features</Filter>
    </ClCompile>
    <ClCompile Include="MovementFix.cpp">
      <Filter>Source Files\features</Filter>
    </ClCompile>
    <ClCompile Include="KeyLoop.cpp">
      <Filter>Source Files</Filter>
    </ClCompile>
    <ClCompile Include="RuntimeSaver.cpp">
      <Filter>Source Files</Filter>
    </ClCompile>
    <ClCompile Include="ConsoleHelper.cpp">
      <Filter>Source Files\helpers</Filter>
    </ClCompile>
    <ClCompile Include="Misc.cpp">
      <Filter>Source Files\features</Filter>
    </ClCompile>
    <ClCompile Include="NoSmoke.cpp">
      <Filter>Source Files\features</Filter>
    </ClCompile>
    <ClCompile Include="imgui\imgui.cpp">
      <Filter>Source Files\imgui</Filter>
    </ClCompile>
    <ClCompile Include="imgui\imgui_draw.cpp">
      <Filter>Source Files\imgui</Filter>
    </ClCompile>
    <ClCompile Include="imgui\imgui_impl_win32.cpp">
      <Filter>Source Files\imgui</Filter>
    </ClCompile>
    <ClCompile Include="imgui\imgui_widgets.cpp">
      <Filter>Source Files\imgui</Filter>
    </ClCompile>
    <ClCompile Include="imgui\directx9\imgui_impl_dx9.cpp">
      <Filter>Source Files\imgui</Filter>
    </ClCompile>
    <ClCompile Include="options.cpp">
      <Filter>Source Files</Filter>
    </ClCompile>
    <ClCompile Include="config.cpp">
      <Filter>Source Files</Filter>
    </ClCompile>
    <ClCompile Include="features\Skinchanger.cpp">
      <Filter>Source Files\features</Filter>
    </ClCompile>
    <ClCompile Include="helpers\ItemDefinitions.cpp">
      <Filter>Source Files\helpers</Filter>
    </ClCompile>
    <ClCompile Include="helpers\KitParser.cpp">
      <Filter>Source Files\helpers</Filter>
    </ClCompile>
    <ClCompile Include="Sounds.cpp">
      <Filter>Source Files</Filter>
    </ClCompile>
    <ClCompile Include="features\NightMode.cpp">
      <Filter>Source Files\features</Filter>
    </ClCompile>
    <ClCompile Include="features\LagCompensation.cpp">
      <Filter>Source Files\features</Filter>
    </ClCompile>
    <ClCompile Include="features\Backtrack.cpp">
      <Filter>Source Files\features</Filter>
    </ClCompile>
    <ClCompile Include="features\AntiAim.cpp">
      <Filter>Source Files\features</Filter>
    </ClCompile>
    <ClCompile Include="features\Autowall.cpp">
      <Filter>Source Files\features</Filter>
    </ClCompile>
    <ClCompile Include="features\EventHelper.cpp">
      <Filter>Source Files\features</Filter>
    </ClCompile>
    <ClCompile Include="features\EventLogger.cpp">
      <Filter>Source Files\features</Filter>
    </ClCompile>
    <ClCompile Include="features\EnginePrediction.cpp">
      <Filter>Source Files\features</Filter>
    </ClCompile>
    <ClCompile Include="features\HitPossitionHelper.cpp">
      <Filter>Source Files\features</Filter>
    </ClCompile>
    <ClCompile Include="features\Logger.cpp">
      <Filter>Source Files\features</Filter>
    </ClCompile>
    <ClCompile Include="features\ThirdpersonAngleHelper.cpp">
      <Filter>Source Files\features</Filter>
    </ClCompile>
    <ClCompile Include="features\GrenadePrediction.cpp">
      <Filter>Source Files\features</Filter>
    </ClCompile>
    <ClCompile Include="features\Fakelag.cpp">
      <Filter>Source Files\features</Filter>
    </ClCompile>
    <ClCompile Include="features\Rbot.cpp">
      <Filter>Source Files\features</Filter>
    </ClCompile>
    <ClCompile Include="features\BuyBot.cpp">
      <Filter>Source Files\features</Filter>
    </ClCompile>
    <ClCompile Include="features\lBacktrack.cpp">
      <Filter>Source Files\features</Filter>
    </ClCompile>
    <ClCompile Include="features\lAutowall.cpp">
      <Filter>Source Files\features</Filter>
    </ClCompile>
    <ClCompile Include="features\Resolver.cpp">
      <Filter>Source Files\features</Filter>
    </ClCompile>
    <ClCompile Include="features\Chams.cpp">
      <Filter>Source Files\features</Filter>
    </ClCompile>
    <ClCompile Include="features\Lbot.cpp">
      <Filter>Source Files\features</Filter>
    </ClCompile>
    <ClCompile Include="features\ClantagChanger.cpp">
      <Filter>Source Files\features</Filter>
    </ClCompile>
    <ClCompile Include="imgui\imgui_freetype.cpp">
      <Filter>Source Files\imgui</Filter>
    </ClCompile>
    <ClCompile Include="bass\dll.cpp">
      <Filter>Source Files\bass</Filter>
    </ClCompile>
    <ClCompile Include="bass\dll_image.cpp">
      <Filter>Source Files\bass</Filter>
    </ClCompile>
    <ClCompile Include="features\Lobby.cpp">
      <Filter>Source Files\features</Filter>
    </ClCompile>
  </ItemGroup>
  <ItemGroup>
    <ClInclude Include="valve_sdk\misc\BaseHandle.hpp">
      <Filter>Header Files\SDK</Filter>
    </ClInclude>
    <ClInclude Include="valve_sdk\interfaces\CClientState.hpp">
      <Filter>Header Files\SDK</Filter>
    </ClInclude>
    <ClInclude Include="valve_sdk\misc\characterset.hpp">
      <Filter>Header Files\SDK</Filter>
    </ClInclude>
    <ClInclude Include="valve_sdk\misc\checksum_crc.hpp">
      <Filter>Header Files\SDK</Filter>
    </ClInclude>
    <ClInclude Include="valve_sdk\misc\checksum_md5.hpp">
      <Filter>Header Files\SDK</Filter>
    </ClInclude>
    <ClInclude Include="valve_sdk\interfaces\CInput.hpp">
      <Filter>Header Files\SDK</Filter>
    </ClInclude>
    <ClInclude Include="valve_sdk\misc\ClientClass.hpp">
      <Filter>Header Files\SDK</Filter>
    </ClInclude>
    <ClInclude Include="valve_sdk\misc\Color.hpp">
      <Filter>Header Files\SDK</Filter>
    </ClInclude>
    <ClInclude Include="valve_sdk\misc\Convar.hpp">
      <Filter>Header Files\SDK</Filter>
    </ClInclude>
    <ClInclude Include="valve_sdk\misc\CUserCmd.hpp">
      <Filter>Header Files\SDK</Filter>
    </ClInclude>
    <ClInclude Include="valve_sdk\misc\EHandle.hpp">
      <Filter>Header Files\SDK</Filter>
    </ClInclude>
    <ClInclude Include="valve_sdk\misc\Enums.hpp">
      <Filter>Header Files\SDK</Filter>
    </ClInclude>
    <ClInclude Include="valve_sdk\misc\GlobalVars.hpp">
      <Filter>Header Files\SDK</Filter>
    </ClInclude>
    <ClInclude Include="valve_sdk\misc\glow_outline_effect.hpp">
      <Filter>Header Files\SDK</Filter>
    </ClInclude>
    <ClInclude Include="valve_sdk\interfaces\IAppSystem.hpp">
      <Filter>Header Files\SDK</Filter>
    </ClInclude>
    <ClInclude Include="valve_sdk\interfaces\IBaseClientDll.hpp">
      <Filter>Header Files\SDK</Filter>
    </ClInclude>
    <ClInclude Include="valve_sdk\interfaces\IClientEntity.hpp">
      <Filter>Header Files\SDK</Filter>
    </ClInclude>
    <ClInclude Include="valve_sdk\interfaces\IClientEntityList.hpp">
      <Filter>Header Files\SDK</Filter>
    </ClInclude>
    <ClInclude Include="valve_sdk\interfaces\IClientMode.hpp">
      <Filter>Header Files\SDK</Filter>
    </ClInclude>
    <ClInclude Include="valve_sdk\interfaces\IClientNetworkable.hpp">
      <Filter>Header Files\SDK</Filter>
    </ClInclude>
    <ClInclude Include="valve_sdk\interfaces\IClientRenderable.hpp">
      <Filter>Header Files\SDK</Filter>
    </ClInclude>
    <ClInclude Include="valve_sdk\interfaces\IClientThinkable.hpp">
      <Filter>Header Files\SDK</Filter>
    </ClInclude>
    <ClInclude Include="valve_sdk\interfaces\IClientUnknown.hpp">
      <Filter>Header Files\SDK</Filter>
    </ClInclude>
    <ClInclude Include="valve_sdk\interfaces\ICollideable.hpp">
      <Filter>Header Files\SDK</Filter>
    </ClInclude>
    <ClInclude Include="valve_sdk\interfaces\IConVar.hpp">
      <Filter>Header Files\SDK</Filter>
    </ClInclude>
    <ClInclude Include="valve_sdk\interfaces\ICvar.hpp">
      <Filter>Header Files\SDK</Filter>
    </ClInclude>
    <ClInclude Include="valve_sdk\interfaces\IEngineSound.hpp">
      <Filter>Header Files\SDK</Filter>
    </ClInclude>
    <ClInclude Include="valve_sdk\interfaces\IEngineTrace.hpp">
      <Filter>Header Files\SDK</Filter>
    </ClInclude>
    <ClInclude Include="valve_sdk\interfaces\IGameEventmanager.hpp">
      <Filter>Header Files\SDK</Filter>
    </ClInclude>
    <ClInclude Include="valve_sdk\misc\IHandleEntity.hpp">
      <Filter>Header Files\SDK</Filter>
    </ClInclude>
    <ClInclude Include="valve_sdk\interfaces\IMaterialSystem.hpp">
      <Filter>Header Files\SDK</Filter>
    </ClInclude>
    <ClInclude Include="valve_sdk\interfaces\IMDLCache.hpp">
      <Filter>Header Files\SDK</Filter>
    </ClInclude>
    <ClInclude Include="valve_sdk\interfaces\IMoveHelper.hpp">
      <Filter>Header Files\SDK</Filter>
    </ClInclude>
    <ClInclude Include="valve_sdk\interfaces\IPanel.hpp">
      <Filter>Header Files\SDK</Filter>
    </ClInclude>
    <ClInclude Include="valve_sdk\interfaces\IPhysics.hpp">
      <Filter>Header Files\SDK</Filter>
    </ClInclude>
    <ClInclude Include="valve_sdk\interfaces\IPrediction.hpp">
      <Filter>Header Files\SDK</Filter>
    </ClInclude>
    <ClInclude Include="valve_sdk\interfaces\IRenderView.hpp">
      <Filter>Header Files\SDK</Filter>
    </ClInclude>
    <ClInclude Include="valve_sdk\interfaces\ISurface.hpp">
      <Filter>Header Files\SDK</Filter>
    </ClInclude>
    <ClInclude Include="valve_sdk\interfaces\IVDebugOverlay.hpp">
      <Filter>Header Files\SDK</Filter>
    </ClInclude>
    <ClInclude Include="valve_sdk\interfaces\IVEngineClient.hpp">
      <Filter>Header Files\SDK</Filter>
    </ClInclude>
    <ClInclude Include="valve_sdk\interfaces\IViewRender.hpp">
      <Filter>Header Files\SDK</Filter>
    </ClInclude>
    <ClInclude Include="valve_sdk\interfaces\IVModelInfoClient.hpp">
      <Filter>Header Files\SDK</Filter>
    </ClInclude>
    <ClInclude Include="valve_sdk\interfaces\IVModelRender.hpp">
      <Filter>Header Files\SDK</Filter>
    </ClInclude>
    <ClInclude Include="valve_sdk\misc\platform.hpp">
      <Filter>Header Files\SDK</Filter>
    </ClInclude>
    <ClInclude Include="valve_sdk\math\QAngle.hpp">
      <Filter>Header Files\SDK</Filter>
    </ClInclude>
    <ClInclude Include="valve_sdk\misc\Recv.hpp">
      <Filter>Header Files\SDK</Filter>
    </ClInclude>
    <ClInclude Include="valve_sdk\sdk.hpp">
      <Filter>Header Files\SDK</Filter>
    </ClInclude>
    <ClInclude Include="imgui\stb_rect_pack.h">
      <Filter>Header Files\SDK</Filter>
    </ClInclude>
    <ClInclude Include="imgui\stb_textedit.h">
      <Filter>Header Files\SDK</Filter>
    </ClInclude>
    <ClInclude Include="imgui\stb_truetype.h">
      <Filter>Header Files\SDK</Filter>
    </ClInclude>
    <ClInclude Include="valve_sdk\misc\Studio.hpp">
      <Filter>Header Files\SDK</Filter>
    </ClInclude>
    <ClInclude Include="valve_sdk\misc\UtlBuffer.hpp">
      <Filter>Header Files\SDK</Filter>
    </ClInclude>
    <ClInclude Include="valve_sdk\misc\UtlMemory.hpp">
      <Filter>Header Files\SDK</Filter>
    </ClInclude>
    <ClInclude Include="valve_sdk\misc\UtlString.hpp">
      <Filter>Header Files\SDK</Filter>
    </ClInclude>
    <ClInclude Include="valve_sdk\misc\UtlVector.hpp">
      <Filter>Header Files\SDK</Filter>
    </ClInclude>
    <ClInclude Include="valve_sdk\math\Vector.hpp">
      <Filter>Header Files\SDK</Filter>
    </ClInclude>
    <ClInclude Include="valve_sdk\math\Vector2D.hpp">
      <Filter>Header Files\SDK</Filter>
    </ClInclude>
    <ClInclude Include="valve_sdk\math\Vector4D.hpp">
      <Filter>Header Files\SDK</Filter>
    </ClInclude>
    <ClInclude Include="valve_sdk\misc\vfunc.hpp">
      <Filter>Header Files\SDK</Filter>
    </ClInclude>
    <ClInclude Include="valve_sdk\math\VMatrix.hpp">
      <Filter>Header Files\SDK</Filter>
    </ClInclude>
    <ClInclude Include="hooks.hpp">
      <Filter>Header Files</Filter>
    </ClInclude>
    <ClInclude Include="helpers\math.hpp">
      <Filter>Header Files</Filter>
    </ClInclude>
    <ClInclude Include="singleton.hpp">
      <Filter>Header Files</Filter>
    </ClInclude>
    <ClInclude Include="helpers\utils.hpp">
      <Filter>Header Files</Filter>
    </ClInclude>
    <ClInclude Include="helpers\vfunc_hook.hpp">
      <Filter>Header Files</Filter>
    </ClInclude>
    <ClInclude Include="features\bhop.hpp">
      <Filter>Header Files\features</Filter>
    </ClInclude>
    <ClInclude Include="features\glow.hpp">
      <Filter>Header Files\features</Filter>
    </ClInclude>
    <ClInclude Include="features\visuals.hpp">
      <Filter>Header Files\features</Filter>
    </ClInclude>
    <ClInclude Include="valve_sdk\csgostructs.hpp">
      <Filter>Header Files\SDK</Filter>
    </ClInclude>
    <ClInclude Include="valve_sdk\netvars.hpp">
      <Filter>Header Files\SDK</Filter>
    </ClInclude>
    <ClInclude Include="helpers\input.hpp">
      <Filter>Header Files</Filter>
    </ClInclude>
    <ClInclude Include="datamap.hpp">
      <Filter>Header Files</Filter>
    </ClInclude>
    <ClInclude Include="ui.hpp">
      <Filter>Header Files</Filter>
    </ClInclude>
    <ClInclude Include="droid.hpp">
      <Filter>Header Files</Filter>
    </ClInclude>
    <ClInclude Include="IRefCounted.h">
      <Filter>Header Files\SDK</Filter>
    </ClInclude>
    <ClInclude Include="render.hpp">
      <Filter>Header Files</Filter>
    </ClInclude>
    <ClInclude Include="Menu.h">
      <Filter>Header Files\menu</Filter>
    </ClInclude>
    <ClInclude Include="menu_helpers.hpp">
      <Filter>Header Files\menu</Filter>
    </ClInclude>
    <ClInclude Include="features\MaterialManager.hpp">
      <Filter>Header Files\features</Filter>
    </ClInclude>
    <ClInclude Include="MovementFix.h">
      <Filter>Header Files\features</Filter>
    </ClInclude>
    <ClInclude Include="Logger.h">
      <Filter>Header Files</Filter>
    </ClInclude>
    <ClInclude Include="KeyLoop.h">
      <Filter>Header Files</Filter>
    </ClInclude>
    <ClInclude Include="RuntimeSaver.h">
      <Filter>Header Files</Filter>
    </ClInclude>
    <ClInclude Include="ConsoleHelper.h">
      <Filter>Header Files\helpers</Filter>
    </ClInclude>
    <ClInclude Include="Misc.h">
      <Filter>Header Files\features</Filter>
    </ClInclude>
    <ClInclude Include="NoSmoke.h">
      <Filter>Header Files\features</Filter>
    </ClInclude>
    <ClInclude Include="definitions.h">
      <Filter>Header Files</Filter>
    </ClInclude>
    <ClInclude Include="imgui\imgui_internal.h">
      <Filter>Header Files\imgui</Filter>
    </ClInclude>
    <ClInclude Include="imgui\imstb_rectpack.h">
      <Filter>Header Files\imgui</Filter>
    </ClInclude>
    <ClInclude Include="imgui\imstb_textedit.h">
      <Filter>Header Files\imgui</Filter>
    </ClInclude>
    <ClInclude Include="imgui\imstb_truetype.h">
      <Filter>Header Files\imgui</Filter>
    </ClInclude>
    <ClInclude Include="imgui\imconfig.h">
      <Filter>Header Files\imgui</Filter>
    </ClInclude>
    <ClInclude Include="imgui\imgui.h">
      <Filter>Header Files\imgui</Filter>
    </ClInclude>
    <ClInclude Include="imgui\imgui_impl_win32.h">
      <Filter>Header Files\imgui</Filter>
    </ClInclude>
    <ClInclude Include="imgui\directx9\imgui_impl_dx9.h">
      <Filter>Header Files\imgui</Filter>
    </ClInclude>
    <ClInclude Include="config.hpp">
      <Filter>Header Files</Filter>
    </ClInclude>
    <ClInclude Include="options.hpp">
      <Filter>Header Files</Filter>
    </ClInclude>
    <ClInclude Include="valve_sdk\interfaces\IStudioRender.hpp">
      <Filter>Header Files\SDK</Filter>
    </ClInclude>
    <ClInclude Include="valve_sdk\interfaces\ILocalize.h">
      <Filter>Header Files\SDK</Filter>
    </ClInclude>
    <ClInclude Include="features\Skinchanger.h">
      <Filter>Header Files\features</Filter>
    </ClInclude>
    <ClInclude Include="helpers\ItemDefinitions.h">
      <Filter>Header Files\helpers</Filter>
    </ClInclude>
    <ClInclude Include="helpers\KitParser.h">
      <Filter>Header Files\helpers</Filter>
    </ClInclude>
    <ClInclude Include="Sounds.h">
      <Filter>Header Files</Filter>
    </ClInclude>
    <ClInclude Include="helpers\bfReader.hpp">
      <Filter>Header Files\helpers</Filter>
    </ClInclude>
    <ClInclude Include="features\NightMode.h">
      <Filter>Header Files\features</Filter>
    </ClInclude>
    <ClInclude Include="features\LagCompensation.h">
      <Filter>Header Files\features</Filter>
    </ClInclude>
    <ClInclude Include="features\ClantagChanger.h">
      <Filter>Header Files\features</Filter>
    </ClInclude>
    <ClInclude Include="features\EnginePrediction.h">
      <Filter>Header Files\features</Filter>
    </ClInclude>
    <ClInclude Include="features\EventHelper.h">
      <Filter>Header Files\features</Filter>
    </ClInclude>
    <ClInclude Include="features\EventLogger.h">
      <Filter>Header Files\features</Filter>
    </ClInclude>
    <ClInclude Include="features\Fakelag.h">
      <Filter>Header Files\features</Filter>
    </ClInclude>
    <ClInclude Include="features\GrenadePrediction.h">
      <Filter>Header Files\features</Filter>
    </ClInclude>
    <ClInclude Include="features\HitPossitionHelper.h">
      <Filter>Header Files\features</Filter>
    </ClInclude>
    <ClInclude Include="features\lAutowall.h">
      <Filter>Header Files\features</Filter>
    </ClInclude>
    <ClInclude Include="features\Lbot.hpp">
      <Filter>Header Files\features</Filter>
    </ClInclude>
    <ClInclude Include="features\Logger.h">
      <Filter>Header Files\features</Filter>
    </ClInclude>
    <ClInclude Include="features\Rbot.h">
      <Filter>Header Files\features</Filter>
    </ClInclude>
    <ClInclude Include="features\Resolver.h">
      <Filter>Header Files\features</Filter>
    </ClInclude>
    <ClInclude Include="features\ThirdpersonAngleHelper.h">
      <Filter>Header Files\features</Filter>
    </ClInclude>
    <ClInclude Include="features\AntiAim.h">
      <Filter>Header Files\features</Filter>
    </ClInclude>
    <ClInclude Include="features\Autowall.h">
      <Filter>Header Files\features</Filter>
    </ClInclude>
    <ClInclude Include="features\Backtrack.h">
      <Filter>Header Files\features</Filter>
    </ClInclude>
    <ClInclude Include="features\BuyBot.h">
      <Filter>Header Files\features</Filter>
    </ClInclude>
    <ClInclude Include="features\lBacktrack.h">
      <Filter>Header Files\features</Filter>
    </ClInclude>
    <ClInclude Include="features\Chams.h">
      <Filter>Header Files\features</Filter>
    </ClInclude>
    <ClInclude Include="imgui\imgui_freetype.h">
      <Filter>Header Files\imgui</Filter>
    </ClInclude>
    <ClInclude Include="imgui\freetype\include\ft2build.h">
      <Filter>Header Files\imgui\freetype</Filter>
    </ClInclude>
    <ClInclude Include="imgui\freetype\include\freetype\freetype.h">
      <Filter>Header Files\imgui\freetype\freetype</Filter>
    </ClInclude>
    <ClInclude Include="imgui\freetype\include\freetype\ftadvanc.h">
      <Filter>Header Files\imgui\freetype\freetype</Filter>
    </ClInclude>
    <ClInclude Include="imgui\freetype\include\freetype\ftbbox.h">
      <Filter>Header Files\imgui\freetype\freetype</Filter>
    </ClInclude>
    <ClInclude Include="imgui\freetype\include\freetype\ftbdf.h">
      <Filter>Header Files\imgui\freetype\freetype</Filter>
    </ClInclude>
    <ClInclude Include="imgui\freetype\include\freetype\ftbitmap.h">
      <Filter>Header Files\imgui\freetype\freetype</Filter>
    </ClInclude>
    <ClInclude Include="imgui\freetype\include\freetype\ftbzip2.h">
      <Filter>Header Files\imgui\freetype\freetype</Filter>
    </ClInclude>
    <ClInclude Include="imgui\freetype\include\freetype\ftcache.h">
      <Filter>Header Files\imgui\freetype\freetype</Filter>
    </ClInclude>
    <ClInclude Include="imgui\freetype\include\freetype\ftchapters.h">
      <Filter>Header Files\imgui\freetype\freetype</Filter>
    </ClInclude>
    <ClInclude Include="imgui\freetype\include\freetype\ftcid.h">
      <Filter>Header Files\imgui\freetype\freetype</Filter>
    </ClInclude>
    <ClInclude Include="imgui\freetype\include\freetype\ftdriver.h">
      <Filter>Header Files\imgui\freetype\freetype</Filter>
    </ClInclude>
    <ClInclude Include="imgui\freetype\include\freetype\fterrdef.h">
      <Filter>Header Files\imgui\freetype\freetype</Filter>
    </ClInclude>
    <ClInclude Include="imgui\freetype\include\freetype\fterrors.h">
      <Filter>Header Files\imgui\freetype\freetype</Filter>
    </ClInclude>
    <ClInclude Include="imgui\freetype\include\freetype\ftfntfmt.h">
      <Filter>Header Files\imgui\freetype\freetype</Filter>
    </ClInclude>
    <ClInclude Include="imgui\freetype\include\freetype\ftgasp.h">
      <Filter>Header Files\imgui\freetype\freetype</Filter>
    </ClInclude>
    <ClInclude Include="imgui\freetype\include\freetype\ftglyph.h">
      <Filter>Header Files\imgui\freetype\freetype</Filter>
    </ClInclude>
    <ClInclude Include="imgui\freetype\include\freetype\ftgxval.h">
      <Filter>Header Files\imgui\freetype\freetype</Filter>
    </ClInclude>
    <ClInclude Include="imgui\freetype\include\freetype\ftgzip.h">
      <Filter>Header Files\imgui\freetype\freetype</Filter>
    </ClInclude>
    <ClInclude Include="imgui\freetype\include\freetype\ftimage.h">
      <Filter>Header Files\imgui\freetype\freetype</Filter>
    </ClInclude>
    <ClInclude Include="imgui\freetype\include\freetype\ftincrem.h">
      <Filter>Header Files\imgui\freetype\freetype</Filter>
    </ClInclude>
    <ClInclude Include="imgui\freetype\include\freetype\ftlcdfil.h">
      <Filter>Header Files\imgui\freetype\freetype</Filter>
    </ClInclude>
    <ClInclude Include="imgui\freetype\include\freetype\ftlist.h">
      <Filter>Header Files\imgui\freetype\freetype</Filter>
    </ClInclude>
    <ClInclude Include="imgui\freetype\include\freetype\ftlzw.h">
      <Filter>Header Files\imgui\freetype\freetype</Filter>
    </ClInclude>
    <ClInclude Include="imgui\freetype\include\freetype\ftmac.h">
      <Filter>Header Files\imgui\freetype\freetype</Filter>
    </ClInclude>
    <ClInclude Include="imgui\freetype\include\freetype\ftmm.h">
      <Filter>Header Files\imgui\freetype\freetype</Filter>
    </ClInclude>
    <ClInclude Include="imgui\freetype\include\freetype\ftmodapi.h">
      <Filter>Header Files\imgui\freetype\freetype</Filter>
    </ClInclude>
    <ClInclude Include="imgui\freetype\include\freetype\ftmoderr.h">
      <Filter>Header Files\imgui\freetype\freetype</Filter>
    </ClInclude>
    <ClInclude Include="imgui\freetype\include\freetype\ftotval.h">
      <Filter>Header Files\imgui\freetype\freetype</Filter>
    </ClInclude>
    <ClInclude Include="imgui\freetype\include\freetype\ftoutln.h">
      <Filter>Header Files\imgui\freetype\freetype</Filter>
    </ClInclude>
    <ClInclude Include="imgui\freetype\include\freetype\ftparams.h">
      <Filter>Header Files\imgui\freetype\freetype</Filter>
    </ClInclude>
    <ClInclude Include="imgui\freetype\include\freetype\ftpfr.h">
      <Filter>Header Files\imgui\freetype\freetype</Filter>
    </ClInclude>
    <ClInclude Include="imgui\freetype\include\freetype\ftrender.h">
      <Filter>Header Files\imgui\freetype\freetype</Filter>
    </ClInclude>
    <ClInclude Include="imgui\freetype\include\freetype\ftsizes.h">
      <Filter>Header Files\imgui\freetype\freetype</Filter>
    </ClInclude>
    <ClInclude Include="imgui\freetype\include\freetype\ftsnames.h">
      <Filter>Header Files\imgui\freetype\freetype</Filter>
    </ClInclude>
    <ClInclude Include="imgui\freetype\include\freetype\ftstroke.h">
      <Filter>Header Files\imgui\freetype\freetype</Filter>
    </ClInclude>
    <ClInclude Include="imgui\freetype\include\freetype\ftsynth.h">
      <Filter>Header Files\imgui\freetype\freetype</Filter>
    </ClInclude>
    <ClInclude Include="imgui\freetype\include\freetype\ftsystem.h">
      <Filter>Header Files\imgui\freetype\freetype</Filter>
    </ClInclude>
    <ClInclude Include="imgui\freetype\include\freetype\fttrigon.h">
      <Filter>Header Files\imgui\freetype\freetype</Filter>
    </ClInclude>
    <ClInclude Include="imgui\freetype\include\freetype\fttypes.h">
      <Filter>Header Files\imgui\freetype\freetype</Filter>
    </ClInclude>
    <ClInclude Include="imgui\freetype\include\freetype\ftwinfnt.h">
      <Filter>Header Files\imgui\freetype\freetype</Filter>
    </ClInclude>
    <ClInclude Include="imgui\freetype\include\freetype\t1tables.h">
      <Filter>Header Files\imgui\freetype\freetype</Filter>
    </ClInclude>
    <ClInclude Include="imgui\freetype\include\freetype\ttnameid.h">
      <Filter>Header Files\imgui\freetype\freetype</Filter>
    </ClInclude>
    <ClInclude Include="imgui\freetype\include\freetype\tttables.h">
      <Filter>Header Files\imgui\freetype\freetype</Filter>
    </ClInclude>
    <ClInclude Include="imgui\freetype\include\freetype\tttags.h">
      <Filter>Header Files\imgui\freetype\freetype</Filter>
    </ClInclude>
    <ClInclude Include="imgui\freetype\include\freetype\internal\autohint.h">
      <Filter>Header Files\imgui\freetype\freetype\internal</Filter>
    </ClInclude>
    <ClInclude Include="imgui\freetype\include\freetype\internal\cffotypes.h">
      <Filter>Header Files\imgui\freetype\freetype\internal</Filter>
    </ClInclude>
    <ClInclude Include="imgui\freetype\include\freetype\internal\cfftypes.h">
      <Filter>Header Files\imgui\freetype\freetype\internal</Filter>
    </ClInclude>
    <ClInclude Include="imgui\freetype\include\freetype\internal\ftcalc.h">
      <Filter>Header Files\imgui\freetype\freetype\internal</Filter>
    </ClInclude>
    <ClInclude Include="imgui\freetype\include\freetype\internal\ftdebug.h">
      <Filter>Header Files\imgui\freetype\freetype\internal</Filter>
    </ClInclude>
    <ClInclude Include="imgui\freetype\include\freetype\internal\ftdrv.h">
      <Filter>Header Files\imgui\freetype\freetype\internal</Filter>
    </ClInclude>
    <ClInclude Include="imgui\freetype\include\freetype\internal\ftgloadr.h">
      <Filter>Header Files\imgui\freetype\freetype\internal</Filter>
    </ClInclude>
    <ClInclude Include="imgui\freetype\include\freetype\internal\fthash.h">
      <Filter>Header Files\imgui\freetype\freetype\internal</Filter>
    </ClInclude>
    <ClInclude Include="imgui\freetype\include\freetype\internal\ftmemory.h">
      <Filter>Header Files\imgui\freetype\freetype\internal</Filter>
    </ClInclude>
    <ClInclude Include="imgui\freetype\include\freetype\internal\ftobjs.h">
      <Filter>Header Files\imgui\freetype\freetype\internal</Filter>
    </ClInclude>
    <ClInclude Include="imgui\freetype\include\freetype\internal\ftpic.h">
      <Filter>Header Files\imgui\freetype\freetype\internal</Filter>
    </ClInclude>
    <ClInclude Include="imgui\freetype\include\freetype\internal\ftpsprop.h">
      <Filter>Header Files\imgui\freetype\freetype\internal</Filter>
    </ClInclude>
    <ClInclude Include="imgui\freetype\include\freetype\internal\ftrfork.h">
      <Filter>Header Files\imgui\freetype\freetype\internal</Filter>
    </ClInclude>
    <ClInclude Include="imgui\freetype\include\freetype\internal\ftserv.h">
      <Filter>Header Files\imgui\freetype\freetype\internal</Filter>
    </ClInclude>
    <ClInclude Include="imgui\freetype\include\freetype\internal\ftstream.h">
      <Filter>Header Files\imgui\freetype\freetype\internal</Filter>
    </ClInclude>
    <ClInclude Include="imgui\freetype\include\freetype\internal\fttrace.h">
      <Filter>Header Files\imgui\freetype\freetype\internal</Filter>
    </ClInclude>
    <ClInclude Include="imgui\freetype\include\freetype\internal\ftvalid.h">
      <Filter>Header Files\imgui\freetype\freetype\internal</Filter>
    </ClInclude>
    <ClInclude Include="imgui\freetype\include\freetype\internal\internal.h">
      <Filter>Header Files\imgui\freetype\freetype\internal</Filter>
    </ClInclude>
    <ClInclude Include="imgui\freetype\include\freetype\internal\psaux.h">
      <Filter>Header Files\imgui\freetype\freetype\internal</Filter>
    </ClInclude>
    <ClInclude Include="imgui\freetype\include\freetype\internal\pshints.h">
      <Filter>Header Files\imgui\freetype\freetype\internal</Filter>
    </ClInclude>
    <ClInclude Include="imgui\freetype\include\freetype\internal\sfnt.h">
      <Filter>Header Files\imgui\freetype\freetype\internal</Filter>
    </ClInclude>
    <ClInclude Include="imgui\freetype\include\freetype\internal\t1types.h">
      <Filter>Header Files\imgui\freetype\freetype\internal</Filter>
    </ClInclude>
    <ClInclude Include="imgui\freetype\include\freetype\internal\tttypes.h">
      <Filter>Header Files\imgui\freetype\freetype\internal</Filter>
    </ClInclude>
    <ClInclude Include="imgui\freetype\include\freetype\config\ftmodule.h">
      <Filter>Header Files\imgui\freetype\freetype\config</Filter>
    </ClInclude>
    <ClInclude Include="imgui\freetype\include\freetype\config\ftoption.h">
      <Filter>Header Files\imgui\freetype\freetype\config</Filter>
    </ClInclude>
    <ClInclude Include="imgui\freetype\include\freetype\config\ftstdlib.h">
      <Filter>Header Files\imgui\freetype\freetype\config</Filter>
    </ClInclude>
    <ClInclude Include="imgui\freetype\include\freetype\config\ftconfig.h">
      <Filter>Header Files\imgui\freetype\freetype\config</Filter>
    </ClInclude>
    <ClInclude Include="imgui\freetype\include\freetype\config\ftheader.h">
      <Filter>Header Files\imgui\freetype\freetype\config</Filter>
    </ClInclude>
    <ClInclude Include="imgui\freetype\include\freetype\internal\services\svgldict.h">
      <Filter>Header Files\imgui\freetype\freetype\internal\services</Filter>
    </ClInclude>
    <ClInclude Include="imgui\freetype\include\freetype\internal\services\svgxval.h">
      <Filter>Header Files\imgui\freetype\freetype\internal\services</Filter>
    </ClInclude>
    <ClInclude Include="imgui\freetype\include\freetype\internal\services\svkern.h">
      <Filter>Header Files\imgui\freetype\freetype\internal\services</Filter>
    </ClInclude>
    <ClInclude Include="imgui\freetype\include\freetype\internal\services\svmetric.h">
      <Filter>Header Files\imgui\freetype\freetype\internal\services</Filter>
    </ClInclude>
    <ClInclude Include="imgui\freetype\include\freetype\internal\services\svmm.h">
      <Filter>Header Files\imgui\freetype\freetype\internal\services</Filter>
    </ClInclude>
    <ClInclude Include="imgui\freetype\include\freetype\internal\services\svotval.h">
      <Filter>Header Files\imgui\freetype\freetype\internal\services</Filter>
    </ClInclude>
    <ClInclude Include="imgui\freetype\include\freetype\internal\services\svpfr.h">
      <Filter>Header Files\imgui\freetype\freetype\internal\services</Filter>
    </ClInclude>
    <ClInclude Include="imgui\freetype\include\freetype\internal\services\svpostnm.h">
      <Filter>Header Files\imgui\freetype\freetype\internal\services</Filter>
    </ClInclude>
    <ClInclude Include="imgui\freetype\include\freetype\internal\services\svprop.h">
      <Filter>Header Files\imgui\freetype\freetype\internal\services</Filter>
    </ClInclude>
    <ClInclude Include="imgui\freetype\include\freetype\internal\services\svpscmap.h">
      <Filter>Header Files\imgui\freetype\freetype\internal\services</Filter>
    </ClInclude>
    <ClInclude Include="imgui\freetype\include\freetype\internal\services\svpsinfo.h">
      <Filter>Header Files\imgui\freetype\freetype\internal\services</Filter>
    </ClInclude>
    <ClInclude Include="imgui\freetype\include\freetype\internal\services\svsfnt.h">
      <Filter>Header Files\imgui\freetype\freetype\internal\services</Filter>
    </ClInclude>
    <ClInclude Include="imgui\freetype\include\freetype\internal\services\svttcmap.h">
      <Filter>Header Files\imgui\freetype\freetype\internal\services</Filter>
    </ClInclude>
    <ClInclude Include="imgui\freetype\include\freetype\internal\services\svtteng.h">
      <Filter>Header Files\imgui\freetype\freetype\internal\services</Filter>
    </ClInclude>
    <ClInclude Include="imgui\freetype\include\freetype\internal\services\svttglyf.h">
      <Filter>Header Files\imgui\freetype\freetype\internal\services</Filter>
    </ClInclude>
    <ClInclude Include="imgui\freetype\include\freetype\internal\services\svwinfnt.h">
      <Filter>Header Files\imgui\freetype\freetype\internal\services</Filter>
    </ClInclude>
    <ClInclude Include="imgui\freetype\include\freetype\internal\services\svbdf.h">
      <Filter>Header Files\imgui\freetype\freetype\internal\services</Filter>
    </ClInclude>
    <ClInclude Include="imgui\freetype\include\freetype\internal\services\svcfftl.h">
      <Filter>Header Files\imgui\freetype\freetype\internal\services</Filter>
    </ClInclude>
    <ClInclude Include="imgui\freetype\include\freetype\internal\services\svcid.h">
      <Filter>Header Files\imgui\freetype\freetype\internal\services</Filter>
    </ClInclude>
    <ClInclude Include="imgui\freetype\include\freetype\internal\services\svfntfmt.h">
      <Filter>Header Files\imgui\freetype\freetype\internal\services</Filter>
    </ClInclude>
    <ClInclude Include="pic.h">
      <Filter>Header Files</Filter>
    </ClInclude>
    <ClInclude Include="bass\bass.h">
      <Filter>Header Files\bass</Filter>
    </ClInclude>
    <ClInclude Include="bass\dll.h">
      <Filter>Header Files\bass</Filter>
    </ClInclude>
    <ClInclude Include="bass\API.h">
      <Filter>Header Files\bass</Filter>
    </ClInclude>
    <ClInclude Include="features\Lobby.hpp">
      <Filter>Header Files\features</Filter>
    </ClInclude>
  </ItemGroup>
</Project>